
Microsoft Visual Studio Solution File, Format Version 12.00
# Visual Studio Version 17
VisualStudioVersion = 17.4.33110.190
MinimumVisualStudioVersion = 10.0.40219.1
Project("{9A19103F-16F7-4668-BE54-9A1E7A4F7556}") = "Bhub.Api", "Bhub.Api\Bhub.Api.csproj", "{D828205F-8C2B-44F7-9E08-5CF279F6276F}"
EndProject
Project("{9A19103F-16F7-4668-BE54-9A1E7A4F7556}") = "Bhub.Tests", "Bhub.Tests\Bhub.Tests.csproj", "{A2261B98-7D56-46FF-8751-0A0B10B6B90A}"
EndProject
Project("{E53339B2-1760-4266-BCC7-CA923CBCF16C}") = "docker-compose", "docker-compose.dcproj", "{40349385-DD80-49C5-AD25-EB8F2ACD23DA}"
EndProject
Global
	GlobalSection(SolutionConfigurationPlatforms) = preSolution
		Debug|Any CPU = Debug|Any CPU
		Release|Any CPU = Release|Any CPU
	EndGlobalSection
	GlobalSection(ProjectConfigurationPlatforms) = postSolution
		{D828205F-8C2B-44F7-9E08-5CF279F6276F}.Debug|Any CPU.ActiveCfg = Debug|Any CPU
		{D828205F-8C2B-44F7-9E08-5CF279F6276F}.Debug|Any CPU.Build.0 = Debug|Any CPU
		{D828205F-8C2B-44F7-9E08-5CF279F6276F}.Release|Any CPU.ActiveCfg = Release|Any CPU
		{D828205F-8C2B-44F7-9E08-5CF279F6276F}.Release|Any CPU.Build.0 = Release|Any CPU
		{A2261B98-7D56-46FF-8751-0A0B10B6B90A}.Debug|Any CPU.ActiveCfg = Debug|Any CPU
		{A2261B98-7D56-46FF-8751-0A0B10B6B90A}.Debug|Any CPU.Build.0 = Debug|Any CPU
		{A2261B98-7D56-46FF-8751-0A0B10B6B90A}.Release|Any CPU.ActiveCfg = Release|Any CPU
		{A2261B98-7D56-46FF-8751-0A0B10B6B90A}.Release|Any CPU.Build.0 = Release|Any CPU
		{40349385-DD80-49C5-AD25-EB8F2ACD23DA}.Debug|Any CPU.ActiveCfg = Debug|Any CPU
		{40349385-DD80-49C5-AD25-EB8F2ACD23DA}.Debug|Any CPU.Build.0 = Debug|Any CPU
		{40349385-DD80-49C5-AD25-EB8F2ACD23DA}.Release|Any CPU.ActiveCfg = Release|Any CPU
		{40349385-DD80-49C5-AD25-EB8F2ACD23DA}.Release|Any CPU.Build.0 = Release|Any CPU
	EndGlobalSection
	GlobalSection(SolutionProperties) = preSolution
		HideSolutionNode = FALSE
	EndGlobalSection
	GlobalSection(ExtensibilityGlobals) = postSolution
		SolutionGuid = {6C89F931-2665-4286-A59E-FC0AD3283EB4}
	EndGlobalSection
EndGlobal
